lockfileVersion: 5.3

specifiers:
  dayjs: ^1.11.0
  decimal.js: ^10.3.1
  file-saver: ^2.0.5
  lodash: ^4.17.21
  url-parse: ^1.5.10

dependencies:
  dayjs: 1.11.0
  decimal.js: 10.3.1
  file-saver: 2.0.5
  lodash: 4.17.21
  url-parse: 1.5.10

packages:

  /dayjs/1.11.0:
    resolution: {integrity: sha512-JLC809s6Y948/FuCZPm5IX8rRhQwOiyMb2TfVVQEixG7P8Lm/gt5S7yoQZmC8x1UehI9Pb7sksEt4xx14m+7Ug==}
    dev: false

  /decimal.js/10.3.1:
    resolution: {integrity: sha512-V0pfhfr8suzyPGOx3nmq4aHqabehUZn6Ch9kyFpV79TGDTWFmHqUqXdabR7QHqxzrYolF4+tVmJhUG4OURg5dQ==}
    dev: false

  /file-saver/2.0.5:
    resolution: {integrity: sha512-P9bmyZ3h/PRG+Nzga+rbdI4OEpNDzAVyy74uVO9ATgzLK6VtAsYybF/+TOCvrc0MO793d6+42lLyZTw7/ArVzA==}
    dev: false

  /lodash/4.17.21:
    resolution: {integrity: sha512-v2kDEe57lecTulaDIuNTPy3Ry4gLGJ6Z1O3vE1krgXZNrsQ+LFTGHVxVjcXPs17LhbZVGedAJv8XZ1tvj5FvSg==}
    dev: false

  /querystringify/2.2.0:
    resolution: {integrity: sha512-FIqgj2EUvTa7R50u0rGsyTftzjYmv/a3hO345bZNrqabNqjtgiDMgmo4mkUjd+nzU5oF3dClKqFIPUKybUyqoQ==}
    dev: false

  /requires-port/1.0.0:
    resolution: {integrity: sha1-kl0mAdOaxIXgkc8NpcbmlNw9yv8=}
    dev: false

  /url-parse/1.5.10:
    resolution: {integrity: sha512-WypcfiRhfeUP9vvF0j6rw0J3hrWrw6iZv3+22h6iRMJ/8z1Tj6XfLP4DsUix5MhMPnXpiHDoKyoZ/bdCkwBCiQ==}
    dependencies:
      querystringify: 2.2.0
      requires-port: 1.0.0
    dev: false
